
Microsoft Visual Studio Solution File, Format Version 12.00
# Visual Studio Version 17
VisualStudioVersion = 17.6.33815.320
MinimumVisualStudioVersion = 10.0.40219.1
Project("{888888A0-9F3D-457C-B088-3A5042F75D52}") = "PythonApplication3", "PythonApplication3.pyproj", "{63E16AE6-D4BD-4946-B720-7F0E2883D92A}"
EndProject
Global
	GlobalSection(SolutionConfigurationPlatforms) = preSolution
		Debug|Any CPU = Debug|Any CPU
		Release|Any CPU = Release|Any CPU
	EndGlobalSection
	GlobalSection(ProjectConfigurationPlatforms) = postSolution
		{63E16AE6-D4BD-4946-B720-7F0E2883D92A}.Debug|Any CPU.ActiveCfg = Debug|Any CPU
		{63E16AE6-D4BD-4946-B720-7F0E2883D92A}.Release|Any CPU.ActiveCfg = Release|Any CPU
	EndGlobalSection
	GlobalSection(SolutionProperties) = preSolution
		HideSolutionNode = FALSE
	EndGlobalSection
	GlobalSection(ExtensibilityGlobals) = postSolution
		SolutionGuid = {95255B3E-D17A-4129-89A5-92CAF0CD43AC}
	EndGlobalSection
EndGlobal
